
Microsoft Visual Studio Solution File, Format Version 12.00
# Visual Studio Version 17
VisualStudioVersion = 17.10.35122.118
MinimumVisualStudioVersion = 10.0.40219.1
Project("{FAE04EC0-301F-11D3-BF4B-00C04F79EFBC}") = "Assesment", "Assesment\Assesment.csproj", "{BECFBE0F-FE19-4515-9D91-A04A0A0FA680}"
EndProject
Global
	GlobalSection(SolutionConfigurationPlatforms) = preSolution
		Debug|Any CPU = Debug|Any CPU
		Release|Any CPU = Release|Any CPU
	EndGlobalSection
	GlobalSection(ProjectConfigurationPlatforms) = postSolution
		{BECFBE0F-FE19-4515-9D91-A04A0A0FA680}.Debug|Any CPU.ActiveCfg = Debug|Any CPU
		{BECFBE0F-FE19-4515-9D91-A04A0A0FA680}.Debug|Any CPU.Build.0 = Debug|Any CPU
		{BECFBE0F-FE19-4515-9D91-A04A0A0FA680}.Release|Any CPU.ActiveCfg = Release|Any CPU
		{BECFBE0F-FE19-4515-9D91-A04A0A0FA680}.Release|Any CPU.Build.0 = Release|Any CPU
	EndGlobalSection
	GlobalSection(SolutionProperties) = preSolution
		HideSolutionNode = FALSE
	EndGlobalSection
	GlobalSection(ExtensibilityGlobals) = postSolution
		SolutionGuid = {F19E352C-DF07-49B4-801F-5F3FE5292F7A}
	EndGlobalSection
EndGlobal
